
Microsoft Visual Studio Solution File, Format Version 12.00
# Visual Studio Version 16
VisualStudioVersion = 16.0.31613.86
MinimumVisualStudioVersion = 10.0.40219.1
Project("{8BC9CEB8-8B4A-11D0-8D11-00A0C91BC942}") = "Proyecto1", "Proyecto1\Proyecto1.vcxproj", "{504B753D-D78E-4E4A-8E88-85037AFEBAD2}"
EndProject
Project("{8BC9CEB8-8B4A-11D0-8D11-00A0C91BC942}") = "Tarea-Programada-1-Test", "Tarea-Programada-1-Test\Tarea-Programada-1-Test.vcxproj", "{82036246-236F-4A04-8761-C309189DD5F9}"
EndProject
Global
	GlobalSection(SolutionConfigurationPlatforms) = preSolution
		Debug|x64 = Debug|x64
		Debug|x86 = Debug|x86
		Release|x64 = Release|x64
		Release|x86 = Release|x86
	EndGlobalSection
	GlobalSection(ProjectConfigurationPlatforms) = postSolution
		{504B753D-D78E-4E4A-8E88-85037AFEBAD2}.Debug|x64.ActiveCfg = Debug|x64
		{504B753D-D78E-4E4A-8E88-85037AFEBAD2}.Debug|x64.Build.0 = Debug|x64
		{504B753D-D78E-4E4A-8E88-85037AFEBAD2}.Debug|x86.ActiveCfg = Debug|Win32
		{504B753D-D78E-4E4A-8E88-85037AFEBAD2}.Debug|x86.Build.0 = Debug|Win32
		{504B753D-D78E-4E4A-8E88-85037AFEBAD2}.Release|x64.ActiveCfg = Release|x64
		{504B753D-D78E-4E4A-8E88-85037AFEBAD2}.Release|x64.Build.0 = Release|x64
		{504B753D-D78E-4E4A-8E88-85037AFEBAD2}.Release|x86.ActiveCfg = Release|Win32
		{504B753D-D78E-4E4A-8E88-85037AFEBAD2}.Release|x86.Build.0 = Release|Win32
		{82036246-236F-4A04-8761-C309189DD5F9}.Debug|x64.ActiveCfg = Debug|x64
		{82036246-236F-4A04-8761-C309189DD5F9}.Debug|x64.Build.0 = Debug|x64
		{82036246-236F-4A04-8761-C309189DD5F9}.Debug|x86.ActiveCfg = Debug|Win32
		{82036246-236F-4A04-8761-C309189DD5F9}.Debug|x86.Build.0 = Debug|Win32
		{82036246-236F-4A04-8761-C309189DD5F9}.Release|x64.ActiveCfg = Release|x64
		{82036246-236F-4A04-8761-C309189DD5F9}.Release|x64.Build.0 = Release|x64
		{82036246-236F-4A04-8761-C309189DD5F9}.Release|x86.ActiveCfg = Release|Win32
		{82036246-236F-4A04-8761-C309189DD5F9}.Release|x86.Build.0 = Release|Win32
	EndGlobalSection
	GlobalSection(SolutionProperties) = preSolution
		HideSolutionNode = FALSE
	EndGlobalSection
	GlobalSection(ExtensibilityGlobals) = postSolution
		SolutionGuid = {8ED75E03-A9B1-4369-B68F-5DFFBDAA9701}
	EndGlobalSection
EndGlobal
